// !$*UTF8*$!
{
	archiveVersion = 1;
	classes = {
	};
	objectVersion = 46;
	objects = {

/* Begin PBXBuildFile section */
		1C1B72E21F887507007ECE6E /* EventLabel.swift in Sources */ = {isa = PBXBuildFile; fileRef = 1C1B72E11F887507007ECE6E /* EventLabel.swift */; };
		1CB8643B1F748E8800244A5F /* FullGame.swift in Sources */ = {isa = PBXBuildFile; fileRef = 1CB8643A1F748E8800244A5F /* FullGame.swift */; };
		1CB8643D1F748E9F00244A5F /* Event.swift in Sources */ = {isa = PBXBuildFile; fileRef = 1CB8643C1F748E9F00244A5F /* Event.swift */; };
		1CB8643F1F7491D400244A5F /* GameRound.swift in Sources */ = {isa = PBXBuildFile; fileRef = 1CB8643E1F7491D400244A5F /* GameRound.swift */; };
		1CB864411F74928700244A5F /* Events.plist in Resources */ = {isa = PBXBuildFile; fileRef = 1CB864401F74928700244A5F /* Events.plist */; };
		1CB864431F749C6200244A5F /* Converters.swift in Sources */ = {isa = PBXBuildFile; fileRef = 1CB864421F749C6200244A5F /* Converters.swift */; };
		1CC135671F7082AB00DE7A4D /* AppDelegate.swift in Sources */ = {isa = PBXBuildFile; fileRef = 1CC135661F7082AB00DE7A4D /* AppDelegate.swift */; };
		1CC135691F7082AB00DE7A4D /* ViewController.swift in Sources */ = {isa = PBXBuildFile; fileRef = 1CC135681F7082AB00DE7A4D /* ViewController.swift */; };
		1CC1356C1F7082AB00DE7A4D /* Main.storyboard in Resources */ = {isa = PBXBuildFile; fileRef = 1CC1356A1F7082AB00DE7A4D /* Main.storyboard */; };
		1CC1356E1F7082AB00DE7A4D /* Assets.xcassets in Resources */ = {isa = PBXBuildFile; fileRef = 1CC1356D1F7082AB00DE7A4D /* Assets.xcassets */; };
		1CC135711F7082AB00DE7A4D /* LaunchScreen.storyboard in Resources */ = {isa = PBXBuildFile; fileRef = 1CC1356F1F7082AB00DE7A4D /* LaunchScreen.storyboard */; };
		1CC135791F70845F00DE7A4D /* GameOverController.swift in Sources */ = {isa = PBXBuildFile; fileRef = 1CC135781F70845F00DE7A4D /* GameOverController.swift */; };
		1CC1357B1F70881E00DE7A4D /* WebViewController.swift in Sources */ = {isa = PBXBuildFile; fileRef = 1CC1357A1F70881E00DE7A4D /* WebViewController.swift */; };
/* End PBXBuildFile section */

/* Begin PBXFileReference section */
		1C1B72E11F887507007ECE6E /* EventLabel.swift */ = {isa = PBXFileReference; lastKnownFileType = sourcecode.swift; path = EventLabel.swift; sourceTree = "<group>"; };
		1CB8643A1F748E8800244A5F /* FullGame.swift */ = {isa = PBXFileReference; fileEncoding = 4; lastKnownFileType = sourcecode.swift; path = FullGame.swift; sourceTree = "<group>"; };
		1CB8643C1F748E9F00244A5F /* Event.swift */ = {isa = PBXFileReference; fileEncoding = 4; lastKnownFileType = sourcecode.swift; path = Event.swift; sourceTree = "<group>"; };
		1CB8643E1F7491D400244A5F /* GameRound.swift */ = {isa = PBXFileReference; fileEncoding = 4; lastKnownFileType = sourcecode.swift; path = GameRound.swift; sourceTree = "<group>"; };
		1CB864401F74928700244A5F /* Events.plist */ = {isa = PBXFileReference; fileEncoding = 4; lastKnownFileType = text.plist.xml; path = Events.plist; sourceTree = "<group>"; };
		1CB864421F749C6200244A5F /* Converters.swift */ = {isa = PBXFileReference; fileEncoding = 4; lastKnownFileType = sourcecode.swift; path = Converters.swift; sourceTree = "<group>"; };
		1CC135631F7082AB00DE7A4D /* Bout Time.app */ = {isa = PBXFileReference; explicitFileType = wrapper.application; includeInIndex = 0; path = "Bout Time.app"; sourceTree = BUILT_PRODUCTS_DIR; };
		1CC135661F7082AB00DE7A4D /* AppDelegate.swift */ = {isa = PBXFileReference; lastKnownFileType = sourcecode.swift; path = AppDelegate.swift; sourceTree = "<group>"; };
		1CC135681F7082AB00DE7A4D /* ViewController.swift */ = {isa = PBXFileReference; lastKnownFileType = sourcecode.swift; path = ViewController.swift; sourceTree = "<group>"; };
		1CC1356B1F7082AB00DE7A4D /* Base */ = {isa = PBXFileReference; lastKnownFileType = file.storyboard; name = Base; path = Base.lproj/Main.storyboard; sourceTree = "<group>"; };
		1CC1356D1F7082AB00DE7A4D /* Assets.xcassets */ = {isa = PBXFileReference; lastKnownFileType = folder.assetcatalog; path = Assets.xcassets; sourceTree = "<group>"; };
		1CC135701F7082AB00DE7A4D /* Base */ = {isa = PBXFileReference; lastKnownFileType = file.storyboard; name = Base; path = Base.lproj/LaunchScreen.storyboard; sourceTree = "<group>"; };
		1CC135721F7082AB00DE7A4D /* Info.plist */ = {isa = PBXFileReference; lastKnownFileType = text.plist.xml; path = Info.plist; sourceTree = "<group>"; };
		1CC135781F70845F00DE7A4D /* GameOverController.swift */ = {isa = PBXFileReference; fileEncoding = 4; lastKnownFileType = sourcecode.swift; path = GameOverController.swift; sourceTree = "<group>"; };
		1CC1357A1F70881E00DE7A4D /* WebViewController.swift */ = {isa = PBXFileReference; fileEncoding = 4; lastKnownFileType = sourcecode.swift; path = WebViewController.swift; sourceTree = "<group>"; };
/* End PBXFileReference section */

/* Begin PBXFrameworksBuildPhase section */
		1CC135601F7082AB00DE7A4D /* Frameworks */ = {
			isa = PBXFrameworksBuildPhase;
			buildActionMask = 2147483647;
			files = (
			);
			runOnlyForDeploymentPostprocessing = 0;
		};
/* End PBXFrameworksBuildPhase section */

/* Begin PBXGroup section */
		1CC1355A1F7082AB00DE7A4D = {
			isa = PBXGroup;
			children = (
				1CC135651F7082AB00DE7A4D /* Bout Time */,
				1CC135641F7082AB00DE7A4D /* Products */,
			);
			sourceTree = "<group>";
		};
		1CC135641F7082AB00DE7A4D /* Products */ = {
			isa = PBXGroup;
			children = (
				1CC135631F7082AB00DE7A4D /* Bout Time.app */,
			);
			name = Products;
			sourceTree = "<group>";
		};
		1CC135651F7082AB00DE7A4D /* Bout Time */ = {
			isa = PBXGroup;
			children = (
				1CB8643A1F748E8800244A5F /* FullGame.swift */,
				1CB8643E1F7491D400244A5F /* GameRound.swift */,
				1CB8643C1F748E9F00244A5F /* Event.swift */,
				1CC135661F7082AB00DE7A4D /* AppDelegate.swift */,
				1CC135681F7082AB00DE7A4D /* ViewController.swift */,
				1CC135781F70845F00DE7A4D /* GameOverController.swift */,
				1CC1356A1F7082AB00DE7A4D /* Main.storyboard */,
				1CC1356D1F7082AB00DE7A4D /* Assets.xcassets */,
				1CC1356F1F7082AB00DE7A4D /* LaunchScreen.storyboard */,
				1CC135721F7082AB00DE7A4D /* Info.plist */,
				1CB864401F74928700244A5F /* Events.plist */,
				1CC1357A1F70881E00DE7A4D /* WebViewController.swift */,
				1CB864421F749C6200244A5F /* Converters.swift */,
				1C1B72E11F887507007ECE6E /* EventLabel.swift */,
			);
			path = "Bout Time";
			sourceTree = "<group>";
		};
/* End PBXGroup section */

/* Begin PBXNativeTarget section */
		1CC135621F7082AB00DE7A4D /* Bout Time */ = {
			isa = PBXNativeTarget;
			buildConfigurationList = 1CC135751F7082AB00DE7A4D /* Build configuration list for PBXNativeTarget "Bout Time" */;
			buildPhases = (
				1CC1355F1F7082AB00DE7A4D /* Sources */,
				1CC135601F7082AB00DE7A4D /* Frameworks */,
				1CC135611F7082AB00DE7A4D /* Resources */,
			);
			buildRules = (
			);
			dependencies = (
			);
			name = "Bout Time";
			productName = "Bout Time";
			productReference = 1CC135631F7082AB00DE7A4D /* Bout Time.app */;
			productType = "com.apple.product-type.application";
		};
/* End PBXNativeTarget section */

/* Begin PBXProject section */
		1CC1355B1F7082AB00DE7A4D /* Project object */ = {
			isa = PBXProject;
			attributes = {
				LastSwiftUpdateCheck = 0830;
				LastUpgradeCheck = 0900;
				ORGANIZATIONNAME = "Bradley White";
				TargetAttributes = {
					1CC135621F7082AB00DE7A4D = {
						CreatedOnToolsVersion = 8.3.3;
						LastSwiftMigration = 0900;
						ProvisioningStyle = Automatic;
					};
				};
			};
			buildConfigurationList = 1CC1355E1F7082AB00DE7A4D /* Build configuration list for PBXProject "Bout Time" */;
			compatibilityVersion = "Xcode 3.2";
			developmentRegion = English;
			hasScannedForEncodings = 0;
			knownRegions = (
				en,
				Base,
			);
			mainGroup = 1CC1355A1F7082AB00DE7A4D;
			productRefGroup = 1CC135641F7082AB00DE7A4D /* Products */;
			projectDirPath = "";
			projectRoot = "";
			targets = (
				1CC135621F7082AB00DE7A4D /* Bout Time */,
			);
		};
/* End PBXProject section */

/* Begin PBXResourcesBuildPhase section */
		1CC135611F7082AB00DE7A4D /* Resources */ = {
			isa = PBXResourcesBuildPhase;
			buildActionMask = 2147483647;
			files = (
				1CC135711F7082AB00DE7A4D /* LaunchScreen.storyboard in Resources */,
				1CC1356E1F7082AB00DE7A4D /* Assets.xcassets in Resources */,
				1CC1356C1F7082AB00DE7A4D /* Main.storyboard in Resources */,
				1CB864411F74928700244A5F /* Events.plist in Resources */,
			);
			runOnlyForDeploymentPostprocessing = 0;
		};
/* End PBXResourcesBuildPhase section */

/* Begin PBXSourcesBuildPhase section */
		1CC1355F1F7082AB00DE7A4D /* Sources */ = {
			isa = PBXSourcesBuildPhase;
			buildActionMask = 2147483647;
			files = (
				1CC135691F7082AB00DE7A4D /* ViewController.swift in Sources */,
				1CB8643B1F748E8800244A5F /* FullGame.swift in Sources */,
				1C1B72E21F887507007ECE6E /* EventLabel.swift in Sources */,
				1CC135791F70845F00DE7A4D /* GameOverController.swift in Sources */,
				1CB864431F749C6200244A5F /* Converters.swift in Sources */,
				1CC135671F7082AB00DE7A4D /* AppDelegate.swift in Sources */,
				1CB8643D1F748E9F00244A5F /* Event.swift in Sources */,
				1CB8643F1F7491D400244A5F /* GameRound.swift in Sources */,
				1CC1357B1F70881E00DE7A4D /* WebViewController.swift in Sources */,
			);
			runOnlyForDeploymentPostprocessing = 0;
		};
/* End PBXSourcesBuildPhase section */

/* Begin PBXVariantGroup section */
		1CC1356A1F7082AB00DE7A4D /* Main.storyboard */ = {
			isa = PBXVariantGroup;
			children = (
				1CC1356B1F7082AB00DE7A4D /* Base */,
			);
			name = Main.storyboard;
			sourceTree = "<group>";
		};
		1CC1356F1F7082AB00DE7A4D /* LaunchScreen.storyboard */ = {
			isa = PBXVariantGroup;
			children = (
				1CC135701F7082AB00DE7A4D /* Base */,
			);
			name = LaunchScreen.storyboard;
			sourceTree = "<group>";
		};
/* End PBXVariantGroup section */

/* Begin XCBuildConfiguration section */
		1CC135731F7082AB00DE7A4D /* Debug */ = {
			isa = XCBuildConfiguration;
			buildSettings = {
				ALWAYS_SEARCH_USER_PATHS = NO;
				CLANG_ANALYZER_NONNULL = YES;
				CLANG_ANALYZER_NUMBER_OBJECT_CONVERSION = YES_AGGRESSIVE;
				CLANG_CXX_LANGUAGE_STANDARD = "gnu++0x";
				CLANG_CXX_LIBRARY = "libc++";
				CLANG_ENABLE_MODULES = YES;
				CLANG_ENABLE_OBJC_ARC = YES;
				CLANG_WARN_BLOCK_CAPTURE_AUTORELEASING = YES;
				CLANG_WARN_BOOL_CONVERSION = YES;
				CLANG_WARN_COMMA = YES;
				CLANG_WARN_CONSTANT_CONVERSION = YES;
				CLANG_WARN_DIRECT_OBJC_ISA_USAGE = YES_ERROR;
				CLANG_WARN_DOCUMENTATION_COMMENTS = YES;
				CLANG_WARN_EMPTY_BODY = YES;
				CLANG_WARN_ENUM_CONVERSION = YES;
				CLANG_WARN_INFINITE_RECURSION = YES;
				CLANG_WARN_INT_CONVERSION = YES;
				CLANG_WARN_NON_LITERAL_NULL_CONVERSION = YES;
				CLANG_WARN_OBJC_LITERAL_CONVERSION = YES;
				CLANG_WARN_OBJC_ROOT_CLASS = YES_ERROR;
				CLANG_WARN_RANGE_LOOP_ANALYSIS = YES;
				CLANG_WARN_STRICT_PROTOTYPES = YES;
				CLANG_WARN_SUSPICIOUS_MOVE = YES;
				CLANG_WARN_UNREACHABLE_CODE = YES;
				CLANG_WARN__DUPLICATE_METHOD_MATCH = YES;
				"CODE_SIGN_IDENTITY[sdk=iphoneos*]" = "iPhone Developer";
				COPY_PHASE_STRIP = NO;
				DEBUG_INFORMATION_FORMAT = dwarf;
				ENABLE_STRICT_OBJC_MSGSEND = YES;
				ENABLE_TESTABILITY = YES;
				GCC_C_LANGUAGE_STANDARD = gnu99;
				GCC_DYNAMIC_NO_PIC = NO;
				GCC_NO_COMMON_BLOCKS = YES;
				GCC_OPTIMIZATION_LEVEL = 0;
				GCC_PREPROCESSOR_DEFINITIONS = (
					"DEBUG=1",
					"$(inherited)",
				);
				GCC_WARN_64_TO_32_BIT_CONVERSION = YES;
				GCC_WARN_ABOUT_RETURN_TYPE = YES_ERROR;
				GCC_WARN_UNDECLARED_SELECTOR = YES;
				GCC_WARN_UNINITIALIZED_AUTOS = YES_AGGRESSIVE;
				GCC_WARN_UNUSED_FUNCTION = YES;
				GCC_WARN_UNUSED_VARIABLE = YES;
				IPHONEOS_DEPLOYMENT_TARGET = 11.0;
				MTL_ENABLE_DEBUG_INFO = YES;
				ONLY_ACTIVE_ARCH = YES;
				SDKROOT = iphoneos;
				SWIFT_ACTIVE_COMPILATION_CONDITIONS = DEBUG;
				SWIFT_OPTIMIZATION_LEVEL = "-Onone";
			};
			name = Debug;
		};
		1CC135741F7082AB00DE7A4D /* Release */ = {
			isa = XCBuildConfiguration;
			buildSettings = {
				ALWAYS_SEARCH_USER_PATHS = NO;
				CLANG_ANALYZER_NONNULL = YES;
				CLANG_ANALYZER_NUMBER_OBJECT_CONVERSION = YES_AGGRESSIVE;
				CLANG_CXX_LANGUAGE_STANDARD = "gnu++0x";
				CLANG_CXX_LIBRARY = "libc++";
				CLANG_ENABLE_MODULES = YES;
				CLANG_ENABLE_OBJC_ARC = YES;
				CLANG_WARN_BLOCK_CAPTURE_AUTORELEASING = YES;
				CLANG_WARN_BOOL_CONVERSION = YES;
				CLANG_WARN_COMMA = YES;
				CLANG_WARN_CONSTANT_CONVERSION = YES;
				CLANG_WARN_DIRECT_OBJC_ISA_USAGE = YES_ERROR;
				CLANG_WARN_DOCUMENTATION_COMMENTS = YES;
				CLANG_WARN_EMPTY_BODY = YES;
				CLANG_WARN_ENUM_CONVERSION = YES;
				CLANG_WARN_INFINITE_RECURSION = YES;
				CLANG_WARN_INT_CONVERSION = YES;
				CLANG_WARN_NON_LITERAL_NULL_CONVERSION = YES;
				CLANG_WARN_OBJC_LITERAL_CONVERSION = YES;
				CLANG_WARN_OBJC_ROOT_CLASS = YES_ERROR;
				CLANG_WARN_RANGE_LOOP_ANALYSIS = YES;
				CLANG_WARN_STRICT_PROTOTYPES = YES;
				CLANG_WARN_SUSPICIOUS_MOVE = YES;
				CLANG_WARN_UNREACHABLE_CODE = YES;
				CLANG_WARN__DUPLICATE_METHOD_MATCH = YES;
				"CODE_SIGN_IDENTITY[sdk=iphoneos*]" = "iPhone Developer";
				COPY_PHASE_STRIP = NO;
				DEBUG_INFORMATION_FORMAT = "dwarf-with-dsym";
				ENABLE_NS_ASSERTIONS = NO;
				ENABLE_STRICT_OBJC_MSGSEND = YES;
				GCC_C_LANGUAGE_STANDARD = gnu99;
				GCC_NO_COMMON_BLOCKS = YES;
				GCC_WARN_64_TO_32_BIT_CONVERSION = YES;
				GCC_WARN_ABOUT_RETURN_TYPE = YES_ERROR;
				GCC_WARN_UNDECLARED_SELECTOR = YES;
				GCC_WARN_UNINITIALIZED_AUTOS = YES_AGGRESSIVE;
				GCC_WARN_UNUSED_FUNCTION = YES;
				GCC_WARN_UNUSED_VARIABLE = YES;
				IPHONEOS_DEPLOYMENT_TARGET = 11.0;
				MTL_ENABLE_DEBUG_INFO = NO;
				SDKROOT = iphoneos;
				SWIFT_OPTIMIZATION_LEVEL = "-Owholemodule";
				VALIDATE_PRODUCT = YES;
			};
			name = Release;
		};
		1CC135761F7082AB00DE7A4D /* Debug */ = {
			isa = XCBuildConfiguration;
			buildSettings = {
				ASSETCATALOG_COMPILER_APPICON_NAME = AppIcon;
				INFOPLIST_FILE = "Bout Time/Info.plist";
				IPHONEOS_DEPLOYMENT_TARGET = 11.0;
				LD_RUNPATH_SEARCH_PATHS = "$(inherited) @executable_path/Frameworks";
				PRODUCT_BUNDLE_IDENTIFIER = "com.bradleywhite.Bout-Time";
				PRODUCT_NAME = "$(TARGET_NAME)";
				SWIFT_SWIFT3_OBJC_INFERENCE = On;
				SWIFT_VERSION = 4.0;
			};
			name = Debug;
		};
		1CC135771F7082AB00DE7A4D /* Release */ = {
			isa = XCBuildConfiguration;
			buildSettings = {
				ASSETCATALOG_COMPILER_APPICON_NAME = AppIcon;
				INFOPLIST_FILE = "Bout Time/Info.plist";
				IPHONEOS_DEPLOYMENT_TARGET = 11.0;
				LD_RUNPATH_SEARCH_PATHS = "$(inherited) @executable_path/Frameworks";
				PRODUCT_BUNDLE_IDENTIFIER = "com.bradleywhite.Bout-Time";
				PRODUCT_NAME = "$(TARGET_NAME)";
				SWIFT_SWIFT3_OBJC_INFERENCE = On;
				SWIFT_VERSION = 4.0;
			};
			name = Release;
		};
/* End XCBuildConfiguration section */

/* Begin XCConfigurationList section */
		1CC1355E1F7082AB00DE7A4D /* Build configuration list for PBXProject "Bout Time" */ = {
			isa = XCConfigurationList;
			buildConfigurations = (
				1CC135731F7082AB00DE7A4D /* Debug */,
				1CC135741F7082AB00DE7A4D /* Release */,
			);
			defaultConfigurationIsVisible = 0;
			defaultConfigurationName = Release;
		};
		1CC135751F7082AB00DE7A4D /* Build configuration list for PBXNativeTarget "Bout Time" */ = {
			isa = XCConfigurationList;
			buildConfigurations = (
				1CC135761F7082AB00DE7A4D /* Debug */,
				1CC135771F7082AB00DE7A4D /* Release */,
			);
			defaultConfigurationIsVisible = 0;
			defaultConfigurationName = Release;
		};
/* End XCConfigurationList section */
	};
	rootObject = 1CC1355B1F7082AB00DE7A4D /* Project object */;
}
